
Microsoft Visual Studio Solution File, Format Version 12.00
# Visual Studio 15
VisualStudioVersion = 15.0.28307.1300
MinimumVisualStudioVersion = 10.0.40219.1
Project("{FAE04EC0-301F-11D3-BF4B-00C04F79EFBC}") = "2курс4.2лаб", "2курс4.2лаб\2курс4.2лаб.csproj", "{9C6B6F90-CC42-4016-9F97-654B338635BF}"
EndProject
Global
	GlobalSection(SolutionConfigurationPlatforms) = preSolution
		Debug|Any CPU = Debug|Any CPU
		Release|Any CPU = Release|Any CPU
	EndGlobalSection
	GlobalSection(ProjectConfigurationPlatforms) = postSolution
		{9C6B6F90-CC42-4016-9F97-654B338635BF}.Debug|Any CPU.ActiveCfg = Debug|Any CPU
		{9C6B6F90-CC42-4016-9F97-654B338635BF}.Debug|Any CPU.Build.0 = Debug|Any CPU
		{9C6B6F90-CC42-4016-9F97-654B338635BF}.Release|Any CPU.ActiveCfg = Release|Any CPU
		{9C6B6F90-CC42-4016-9F97-654B338635BF}.Release|Any CPU.Build.0 = Release|Any CPU
	EndGlobalSection
	GlobalSection(SolutionProperties) = preSolution
		HideSolutionNode = FALSE
	EndGlobalSection
	GlobalSection(ExtensibilityGlobals) = postSolution
		SolutionGuid = {DC5331C1-D644-4215-8283-EF7EA12E0BB6}
	EndGlobalSection
EndGlobal
